# This file is autogenerated, do not edit; changes may be undone by the next 'dep ensure'.


[[projects]]
  digest = "1:ffe9824d294da03b391f44e1ae8281281b4afc1bdaa9588c9097785e3af10cec"
  name = "github.com/davecgh/go-spew"
  packages = ["spew"]
  pruneopts = "NUT"
  revision = "8991bc29aa16c548c550c7ff78260e27b9ab7c73"
  version = "v1.1.1"

[[projects]]
  branch = "master"
  digest = "1:6f1782fd534a181b51d15d23d8ca4cd097fe6025ce620b44c31d3d97426898b3"
  name = "github.com/dreadl0ck/cryptoutils"
  packages = ["."]
  pruneopts = "NUT"
  revision = "7a8d1abd4ff19604cb77bdfb2d3f92ec35bb1156"

[[projects]]
  branch = "master"
  digest = "1:b1213022d511c24b0f1773614cc2c83bf7a8569566687fbf8e4ed88b34dcedae"
  name = "github.com/dreadl0ck/ja3"
  packages = ["."]
  pruneopts = "NUT"
  revision = "34b3a8e2fad44ae889aec066e2119d60d760b489"

[[projects]]
  branch = "master"
  digest = "1:deef6f42402a802fbb6add9a307e68fd6a67e60334f6ab32e06dcbf262e9b622"
  name = "github.com/dreadl0ck/tlsx"
  packages = ["."]
  pruneopts = "NUT"
  revision = "5334a78b2ee24a7f444180c9a2f12b98744a3f0a"

[[projects]]
  digest = "1:b7ffca49e9cfd3dfb04a8e0a59347708c6f78f68476a32c5e0a0edca5d1b258c"
  name = "github.com/dustin/go-humanize"
  packages = ["."]
  pruneopts = "NUT"
  revision = "9f541cc9db5d55bce703bd99987c9d5cb8eea45e"
  version = "v1.0.0"

[[projects]]
  digest = "1:fb631ce160a57573cd4b461006035f62f5ee8cd6ca9737ab8353224d9513a1bc"
  name = "github.com/evilsocket/islazy"
  packages = ["tui"]
  pruneopts = "NUT"
  revision = "268495ba2f4621f397a274dc33b9296553db855d"
  version = "v1.10.0"

[[projects]]
  digest = "1:8ba832f19021187b30cf505ea0335c1b779b378e61c2468790082f7262925c4d"
  name = "github.com/gogo/protobuf"
  packages = ["proto"]
  pruneopts = "NUT"
  revision = "4cbf7e384e768b4e01799441fdf2a706a5635ae7"
  version = "v1.2.0"

[[projects]]
  digest = "1:97df918963298c287643883209a2c3f642e6593379f97ab400c2a2e219ab647d"
  name = "github.com/golang/protobuf"
  packages = ["proto"]
  pruneopts = "NUT"
  revision = "aa810b61a9c79d51363740d207bb46cf8e620ed5"
  version = "v1.2.0"

[[projects]]
  digest = "1:5658637ca7c942ddc749b59552cddc573322b52c4ad8b035c81dbeff05a7b0a8"
  name = "github.com/google/gopacket"
  packages = [
    ".",
    "ip4defrag",
    "layers",
    "pcap",
    "pcapgo",
    "reassembly",
  ]
  pruneopts = "NUT"
  revision = "7f3fc6cbbb499248dca53da7fe3ed6c25a78d22f"
  version = "v1.1.16"

[[projects]]
  digest = "1:9785a54031460a402fab4e4bbb3124c8dd9e9f7b1982109fef605cb91632d480"
  name = "github.com/mattn/go-colorable"
  packages = ["."]
  pruneopts = "NUT"
  revision = "efa589957cd060542a26d2dd7832fd6a6c6c3ade"
  version = "v0.1.0"

[[projects]]
  digest = "1:bffa444ca07c69c599ae5876bc18b25bfd5fa85b297ca10a25594d284a7e9c5d"
  name = "github.com/mattn/go-isatty"
  packages = ["."]
  pruneopts = "NUT"
  revision = "6ca4dbf54d38eea1a992b3c722a76a5d1c4cb25c"
  version = "v0.0.4"

[[projects]]
  digest = "1:70ef8268170621826f8c111ac1674afe75136f526f449453b4a6631c6dba1946"
  name = "github.com/mattn/go-runewidth"
  packages = ["."]
  pruneopts = "NUT"
  revision = "3ee7d812e62a0804a7d0a324e0249ca2db3476d3"
  version = "v0.0.4"

[[projects]]
  branch = "master"
  digest = "1:ec581c81b8aa00f07696928c222675df0fd5b8fbb893d0afd4893be77a5a9a26"
  name = "github.com/mdlayher/raw"
  packages = ["."]
  pruneopts = "NUT"
  revision = "fa5ef3332ca961deab5782da07b1616fea8a9dd8"

[[projects]]
  branch = "master"
  digest = "1:063d55b87e200bced5e2be658cc70acafb4c5bbc4afa04d4b82f66298b73d089"
  name = "github.com/mgutz/ansi"
  packages = ["."]
  pruneopts = "NUT"
  revision = "9520e82c474b0a04dd04f8a40959027271bab992"

[[projects]]
  digest = "1:14715f705ff5dfe0ffd6571d7d201dd8e921030f8070321a79380d8ca4ec1a24"
  name = "github.com/pkg/errors"
  packages = ["."]
  pruneopts = "NUT"
  revision = "ba968bfe8b2f7e042a574c888954fccecfa385b4"
  version = "v0.8.1"

[[projects]]
  branch = "master"
  digest = "1:cff46067b777603930079c3ae3846a24e81733dcb2853e1cbcd36059434f5ee9"
  name = "golang.org/x/crypto"
  packages = [
    "curve25519",
    "internal/subtle",
    "nacl/box",
    "nacl/secretbox",
    "poly1305",
    "salsa20/salsa",
    "ssh/terminal",
  ]
  pruneopts = "NUT"
  revision = "74369b46fc6756741c016591724fd1cb8e26845f"

[[projects]]
  branch = "master"
  digest = "1:b45576bdf553b4c64ff798345b3256e49a157f8b480d29c8c0a89f09119d6c5a"
  name = "golang.org/x/net"
  packages = ["bpf"]
  pruneopts = "NUT"
  revision = "3a22650c66bd7f4fb6d1e8072ffd7b75c8a27898"

[[projects]]
  branch = "master"
  digest = "1:cfe2c7e303e82ed7baf651eaf60b824aaefdb0cce2ed70801447065fa6ac18cb"
  name = "golang.org/x/sys"
  packages = [
    "unix",
    "windows",
  ]
  pruneopts = "NUT"
  revision = "d0b11bdaac8adb652bff00e49bcacf992835621a"

[[projects]]
  digest = "1:30f55ee34f367e29620faaae69dcdf6b78a86348f3a1472cf63f2dbba0f9d4f7"
  name = "gopkg.in/cheggaaa/pb.v1"
  packages = ["."]
  pruneopts = "NUT"
  revision = "1cc5bbe20449079337944d56292c7383510c534c"
  version = "v1.0.27"

[[projects]]
  digest = "1:1fcf93ede37c89707a015da2ca5d7ccef5553c97c99189ad79c9fc224324eb8b"
  name = "kythe.io"
  packages = ["kythe/go/platform/delimited"]
  pruneopts = "NUT"
  revision = "83991ac4c42fc43eb1cd1a0bbb6fb5f686daad05"
  version = "v0.0.30"

[solve-meta]
  analyzer-name = "dep"
  analyzer-version = 1
  input-imports = [
    "github.com/davecgh/go-spew/spew",
    "github.com/dreadl0ck/cryptoutils",
    "github.com/dreadl0ck/ja3",
    "github.com/dreadl0ck/tlsx",
    "github.com/dustin/go-humanize",
    "github.com/evilsocket/islazy/tui",
    "github.com/gogo/protobuf/proto",
    "github.com/golang/protobuf/proto",
    "github.com/google/gopacket",
    "github.com/google/gopacket/ip4defrag",
    "github.com/google/gopacket/layers",
    "github.com/google/gopacket/pcap",
    "github.com/google/gopacket/pcapgo",
    "github.com/google/gopacket/reassembly",
    "github.com/mgutz/ansi",
    "github.com/pkg/errors",
    "golang.org/x/net/bpf",
    "gopkg.in/cheggaaa/pb.v1",
    "kythe.io/kythe/go/platform/delimited",
  ]
  solver-name = "gps-cdcl"
  solver-version = 1
